
Microsoft Visual Studio Solution File, Format Version 12.00
# Visual Studio Version 17
VisualStudioVersion = 17.4.33103.184
MinimumVisualStudioVersion = 10.0.40219.1
Project("{9A19103F-16F7-4668-BE54-9A1E7A4F7556}") = "Consultorio", "Desafio1\Consultorio.csproj", "{0FE1888F-5132-41E8-B9CB-9D471D9C3650}"
EndProject
Global
	GlobalSection(SolutionConfigurationPlatforms) = preSolution
		Debug|Any CPU = Debug|Any CPU
		Release|Any CPU = Release|Any CPU
	EndGlobalSection
	GlobalSection(ProjectConfigurationPlatforms) = postSolution
		{0FE1888F-5132-41E8-B9CB-9D471D9C3650}.Debug|Any CPU.ActiveCfg = Debug|Any CPU
		{0FE1888F-5132-41E8-B9CB-9D471D9C3650}.Debug|Any CPU.Build.0 = Debug|Any CPU
		{0FE1888F-5132-41E8-B9CB-9D471D9C3650}.Release|Any CPU.ActiveCfg = Release|Any CPU
		{0FE1888F-5132-41E8-B9CB-9D471D9C3650}.Release|Any CPU.Build.0 = Release|Any CPU
	EndGlobalSection
	GlobalSection(SolutionProperties) = preSolution
		HideSolutionNode = FALSE
	EndGlobalSection
	GlobalSection(ExtensibilityGlobals) = postSolution
		SolutionGuid = {371B30DD-6B03-4359-95D3-35CBD09A70F6}
	EndGlobalSection
EndGlobal
